
Microsoft Visual Studio Solution File, Format Version 12.00
# Visual Studio Version 16
VisualStudioVersion = 16.0.31112.23
MinimumVisualStudioVersion = 10.0.40219.1
Project("{9A19103F-16F7-4668-BE54-9A1E7A4F7556}") = "MoviesAPI", "MoviesAPI\MoviesAPI.csproj", "{45369195-D56E-445D-BC81-EEB8270999B7}"
EndProject
Project("{FAE04EC0-301F-11D3-BF4B-00C04F79EFBC}") = "MoviesAPI.Test", "MoviesAPI.Test\MoviesAPI.Test.csproj", "{573BCB63-A8A6-4527-AB7B-3DF361D3E86D}"
EndProject
Global
	GlobalSection(SolutionConfigurationPlatforms) = preSolution
		Debug|Any CPU = Debug|Any CPU
		Release|Any CPU = Release|Any CPU
	EndGlobalSection
	GlobalSection(ProjectConfigurationPlatforms) = postSolution
		{45369195-D56E-445D-BC81-EEB8270999B7}.Debug|Any CPU.ActiveCfg = Debug|Any CPU
		{45369195-D56E-445D-BC81-EEB8270999B7}.Debug|Any CPU.Build.0 = Debug|Any CPU
		{45369195-D56E-445D-BC81-EEB8270999B7}.Release|Any CPU.ActiveCfg = Release|Any CPU
		{45369195-D56E-445D-BC81-EEB8270999B7}.Release|Any CPU.Build.0 = Release|Any CPU
		{573BCB63-A8A6-4527-AB7B-3DF361D3E86D}.Debug|Any CPU.ActiveCfg = Debug|Any CPU
		{573BCB63-A8A6-4527-AB7B-3DF361D3E86D}.Debug|Any CPU.Build.0 = Debug|Any CPU
		{573BCB63-A8A6-4527-AB7B-3DF361D3E86D}.Release|Any CPU.ActiveCfg = Release|Any CPU
		{573BCB63-A8A6-4527-AB7B-3DF361D3E86D}.Release|Any CPU.Build.0 = Release|Any CPU
	EndGlobalSection
	GlobalSection(SolutionProperties) = preSolution
		HideSolutionNode = FALSE
	EndGlobalSection
	GlobalSection(ExtensibilityGlobals) = postSolution
		SolutionGuid = {C661B111-E284-4371-94A6-D4B91957B294}
	EndGlobalSection
EndGlobal
